
Microsoft Visual Studio Solution File, Format Version 12.00
# Visual Studio Version 16
VisualStudioVersion = 16.0.29230.47
MinimumVisualStudioVersion = 10.0.40219.1
Project("{FAE04EC0-301F-11D3-BF4B-00C04F79EFBC}") = "bus_tour_review", "bus_tour_review\bus_tour_review.csproj", "{F583E20A-EDB4-43AA-A329-B2042937C007}"
EndProject
Global
	GlobalSection(SolutionConfigurationPlatforms) = preSolution
		Debug|Any CPU = Debug|Any CPU
		Release|Any CPU = Release|Any CPU
	EndGlobalSection
	GlobalSection(ProjectConfigurationPlatforms) = postSolution
		{F583E20A-EDB4-43AA-A329-B2042937C007}.Debug|Any CPU.ActiveCfg = Debug|Any CPU
		{F583E20A-EDB4-43AA-A329-B2042937C007}.Debug|Any CPU.Build.0 = Debug|Any CPU
		{F583E20A-EDB4-43AA-A329-B2042937C007}.Release|Any CPU.ActiveCfg = Release|Any CPU
		{F583E20A-EDB4-43AA-A329-B2042937C007}.Release|Any CPU.Build.0 = Release|Any CPU
	EndGlobalSection
	GlobalSection(SolutionProperties) = preSolution
		HideSolutionNode = FALSE
	EndGlobalSection
	GlobalSection(ExtensibilityGlobals) = postSolution
		SolutionGuid = {E93FA6F9-4B1E-4C40-B996-BF9E430C4800}
	EndGlobalSection
EndGlobal
